
Microsoft Visual Studio Solution File, Format Version 12.00
# Visual Studio 14
VisualStudioVersion = 14.0.23107.0
MinimumVisualStudioVersion = 10.0.40219.1
Project("{FAE04EC0-301F-11D3-BF4B-00C04F79EFBC}") = "MessageArchive", "MessageArchive\MessageArchive.csproj", "{C2B9CBF4-AA7E-48C4-91DE-C960D4334EBC}"
EndProject
Project("{2150E333-8FDC-42A3-9474-1A3956D46DE8}") = "PublishScripts", "PublishScripts", "{E382F82D-55C0-4569-8566-4ACEE1DB842E}"
	ProjectSection(SolutionItems) = preProject
		PublishScripts\AzureVMPublishModule.psm1 = PublishScripts\AzureVMPublishModule.psm1
		PublishScripts\Publish-WebApplicationVM.ps1 = PublishScripts\Publish-WebApplicationVM.ps1
	EndProjectSection
EndProject
Project("{2150E333-8FDC-42A3-9474-1A3956D46DE8}") = "Configurations", "Configurations", "{30EF71EA-5B26-4F40-A650-83A05FC4B29C}"
	ProjectSection(SolutionItems) = preProject
		PublishScripts\Configurations\MessageArchive-WAWS-dev.json = PublishScripts\Configurations\MessageArchive-WAWS-dev.json
	EndProjectSection
EndProject
Global
	GlobalSection(SolutionConfigurationPlatforms) = preSolution
		Debug|Any CPU = Debug|Any CPU
		Release|Any CPU = Release|Any CPU
	EndGlobalSection
	GlobalSection(ProjectConfigurationPlatforms) = postSolution
		{C2B9CBF4-AA7E-48C4-91DE-C960D4334EBC}.Debug|Any CPU.ActiveCfg = Debug|Any CPU
		{C2B9CBF4-AA7E-48C4-91DE-C960D4334EBC}.Debug|Any CPU.Build.0 = Debug|Any CPU
		{C2B9CBF4-AA7E-48C4-91DE-C960D4334EBC}.Release|Any CPU.ActiveCfg = Release|Any CPU
		{C2B9CBF4-AA7E-48C4-91DE-C960D4334EBC}.Release|Any CPU.Build.0 = Release|Any CPU
	EndGlobalSection
	GlobalSection(SolutionProperties) = preSolution
		HideSolutionNode = FALSE
	EndGlobalSection
	GlobalSection(NestedProjects) = preSolution
		{30EF71EA-5B26-4F40-A650-83A05FC4B29C} = {E382F82D-55C0-4569-8566-4ACEE1DB842E}
	EndGlobalSection
EndGlobal
